dependencies:
- name: mongodb
  repository: https://charts.bitnami.com/bitnami
  version: 15.6.20
- name: kafka
  repository: https://charts.bitnami.com/bitnami
  version: 30.0.4
- name: unity-home-assignment-api-server-chart
  repository: file://../unity-home-assignment-api-server-chart
  version: 0.1.0
- name: unity-home-assignment-web-server-chart
  repository: file://../unity-home-assignment-web-server-chart
  version: 0.1.0
- name: unity-home-assignment-frontend-chart
  repository: file://../unity-home-assignment-frontend-chart
  version: 0.1.0
digest: sha256:9b12cdb049885ce80025175846ab39c7dff0e3c50215ac85c81cdc13ca8e4a56
generated: "2024-08-22T20:56:14.584223681+03:00"
